
Microsoft Visual Studio Solution File, Format Version 12.00
# Visual Studio Version 17
VisualStudioVersion = 17.10.35013.160
MinimumVisualStudioVersion = 10.0.40219.1
Project("{9A19103F-16F7-4668-BE54-9A1E7A4F7556}") = "SaccoOps", "SaccoOps.csproj", "{7C4861D7-1CF9-46C2-BAFC-3F8D092DAD13}"
EndProject
Project("{9A19103F-16F7-4668-BE54-9A1E7A4F7556}") = "Contracts", "..\Contracts\Contracts.csproj", "{523FF95C-1361-4949-A683-8B91014EA30C}"
EndProject
Project("{9A19103F-16F7-4668-BE54-9A1E7A4F7556}") = "LoggerService", "..\LoggerService\LoggerService.csproj", "{8C6DB821-1A22-4F4A-9B9C-72BDAE6D8B16}"
EndProject
Project("{9A19103F-16F7-4668-BE54-9A1E7A4F7556}") = "Entities", "..\Entities\Entities.csproj", "{97982546-4038-44F1-A168-2358DABA69F5}"
EndProject
Project("{9A19103F-16F7-4668-BE54-9A1E7A4F7556}") = "Repository", "..\Repository\Repository.csproj", "{4E21108A-7EA3-41EB-BC28-62D46D7A08F7}"
EndProject
Project("{9A19103F-16F7-4668-BE54-9A1E7A4F7556}") = "Shared", "..\Shared\Shared.csproj", "{809CEBA0-C818-4DEE-970D-62D85ACF450D}"
EndProject
Project("{FAE04EC0-301F-11D3-BF4B-00C04F79EFBC}") = "Services", "..\Services\Services.csproj", "{43E26B65-3A5E-4993-BD12-06E6A954F505}"
EndProject
Global
	GlobalSection(SolutionConfigurationPlatforms) = preSolution
		Debug|Any CPU = Debug|Any CPU
		Release|Any CPU = Release|Any CPU
	EndGlobalSection
	GlobalSection(ProjectConfigurationPlatforms) = postSolution
		{7C4861D7-1CF9-46C2-BAFC-3F8D092DAD13}.Debug|Any CPU.ActiveCfg = Debug|Any CPU
		{7C4861D7-1CF9-46C2-BAFC-3F8D092DAD13}.Debug|Any CPU.Build.0 = Debug|Any CPU
		{7C4861D7-1CF9-46C2-BAFC-3F8D092DAD13}.Release|Any CPU.ActiveCfg = Release|Any CPU
		{7C4861D7-1CF9-46C2-BAFC-3F8D092DAD13}.Release|Any CPU.Build.0 = Release|Any CPU
		{523FF95C-1361-4949-A683-8B91014EA30C}.Debug|Any CPU.ActiveCfg = Debug|Any CPU
		{523FF95C-1361-4949-A683-8B91014EA30C}.Debug|Any CPU.Build.0 = Debug|Any CPU
		{523FF95C-1361-4949-A683-8B91014EA30C}.Release|Any CPU.ActiveCfg = Release|Any CPU
		{523FF95C-1361-4949-A683-8B91014EA30C}.Release|Any CPU.Build.0 = Release|Any CPU
		{8C6DB821-1A22-4F4A-9B9C-72BDAE6D8B16}.Debug|Any CPU.ActiveCfg = Debug|Any CPU
		{8C6DB821-1A22-4F4A-9B9C-72BDAE6D8B16}.Debug|Any CPU.Build.0 = Debug|Any CPU
		{8C6DB821-1A22-4F4A-9B9C-72BDAE6D8B16}.Release|Any CPU.ActiveCfg = Release|Any CPU
		{8C6DB821-1A22-4F4A-9B9C-72BDAE6D8B16}.Release|Any CPU.Build.0 = Release|Any CPU
		{97982546-4038-44F1-A168-2358DABA69F5}.Debug|Any CPU.ActiveCfg = Debug|Any CPU
		{97982546-4038-44F1-A168-2358DABA69F5}.Debug|Any CPU.Build.0 = Debug|Any CPU
		{97982546-4038-44F1-A168-2358DABA69F5}.Release|Any CPU.ActiveCfg = Release|Any CPU
		{97982546-4038-44F1-A168-2358DABA69F5}.Release|Any CPU.Build.0 = Release|Any CPU
		{4E21108A-7EA3-41EB-BC28-62D46D7A08F7}.Debug|Any CPU.ActiveCfg = Debug|Any CPU
		{4E21108A-7EA3-41EB-BC28-62D46D7A08F7}.Debug|Any CPU.Build.0 = Debug|Any CPU
		{4E21108A-7EA3-41EB-BC28-62D46D7A08F7}.Release|Any CPU.ActiveCfg = Release|Any CPU
		{4E21108A-7EA3-41EB-BC28-62D46D7A08F7}.Release|Any CPU.Build.0 = Release|Any CPU
		{809CEBA0-C818-4DEE-970D-62D85ACF450D}.Debug|Any CPU.ActiveCfg = Debug|Any CPU
		{809CEBA0-C818-4DEE-970D-62D85ACF450D}.Debug|Any CPU.Build.0 = Debug|Any CPU
		{809CEBA0-C818-4DEE-970D-62D85ACF450D}.Release|Any CPU.ActiveCfg = Release|Any CPU
		{809CEBA0-C818-4DEE-970D-62D85ACF450D}.Release|Any CPU.Build.0 = Release|Any CPU
		{43E26B65-3A5E-4993-BD12-06E6A954F505}.Debug|Any CPU.ActiveCfg = Debug|Any CPU
		{43E26B65-3A5E-4993-BD12-06E6A954F505}.Debug|Any CPU.Build.0 = Debug|Any CPU
		{43E26B65-3A5E-4993-BD12-06E6A954F505}.Release|Any CPU.ActiveCfg = Release|Any CPU
		{43E26B65-3A5E-4993-BD12-06E6A954F505}.Release|Any CPU.Build.0 = Release|Any CPU
	EndGlobalSection
	GlobalSection(SolutionProperties) = preSolution
		HideSolutionNode = FALSE
	EndGlobalSection
	GlobalSection(ExtensibilityGlobals) = postSolution
		SolutionGuid = {877F2122-01D4-4503-982E-C6E5AA2D5747}
	EndGlobalSection
EndGlobal
